
Microsoft Visual Studio Solution File, Format Version 11.00
# Visual Studio 2010
Project("{FAE04EC0-301F-11D3-BF4B-00C04F79EFBC}") = "Waluigiware", "Assembly-CSharp.csproj", "{83C6AF16-5B88-E5DD-2538-C8E7D757544D}"
EndProject
Project("{FAE04EC0-301F-11D3-BF4B-00C04F79EFBC}") = "Waluigiware", "Assembly-CSharp-Editor.csproj", "{565F009F-E4BC-6AEC-46B3-15A84270D013}"
EndProject
Global
	GlobalSection(SolutionConfigurationPlatforms) = preSolution
		Debug|Any CPU = Debug|Any CPU
		Release|Any CPU = Release|Any CPU
	EndGlobalSection
	GlobalSection(ProjectConfigurationPlatforms) = postSolution
		{83C6AF16-5B88-E5DD-2538-C8E7D757544D}.Debug|Any CPU.ActiveCfg = Debug|Any CPU
		{83C6AF16-5B88-E5DD-2538-C8E7D757544D}.Debug|Any CPU.Build.0 = Debug|Any CPU
		{83C6AF16-5B88-E5DD-2538-C8E7D757544D}.Release|Any CPU.ActiveCfg = Release|Any CPU
		{83C6AF16-5B88-E5DD-2538-C8E7D757544D}.Release|Any CPU.Build.0 = Release|Any CPU
		{565F009F-E4BC-6AEC-46B3-15A84270D013}.Debug|Any CPU.ActiveCfg = Debug|Any CPU
		{565F009F-E4BC-6AEC-46B3-15A84270D013}.Debug|Any CPU.Build.0 = Debug|Any CPU
		{565F009F-E4BC-6AEC-46B3-15A84270D013}.Release|Any CPU.ActiveCfg = Release|Any CPU
		{565F009F-E4BC-6AEC-46B3-15A84270D013}.Release|Any CPU.Build.0 = Release|Any CPU
	EndGlobalSection
	GlobalSection(SolutionProperties) = preSolution
		HideSolutionNode = FALSE
	EndGlobalSection
	GlobalSection(MonoDevelopProperties) = preSolution
		StartupItem = Assembly-CSharp.csproj
	EndGlobalSection
EndGlobal
